type: static_prop
id: junkyard_block
workflow: prop
name: Trash Bale

dimensions:
  width: 1.10
  depth: 0.86
  height: 0.82

style: iron

geometry:
  bevel: true
  bevel_width: 0.012
  bevel_segments: 2
  parts:
    - name: bale
      shape: box
      size: [1.06, 0.82, 0.74]
      location: [0.0, 0.0, 0.37]
      material: iron
      family: bare_metal
      texture: {path: examples/ref/trash_bale_albedo.png}
      wear: 0.55
    - name: strap_top_a
      shape: box
      size: [1.12, 0.06, 0.035]
      location: [0.0, -0.20, 0.76]
      material: steel
      family: bare_metal
    - name: strap_top_b
      shape: box
      size: [1.12, 0.06, 0.035]
      location: [0.0, 0.20, 0.76]
      material: steel
      family: bare_metal
    - name: strap_left_a
      shape: box
      size: [0.035, 0.06, 0.78]
      location: [-0.548, -0.20, 0.39]
      material: steel
      family: bare_metal
    - name: strap_left_b
      shape: box
      size: [0.035, 0.06, 0.78]
      location: [-0.548, 0.20, 0.39]
      material: steel
      family: bare_metal
    - name: strap_right_a
      shape: box
      size: [0.035, 0.06, 0.78]
      location: [0.548, 0.20, 0.39]
      material: steel
      family: bare_metal
    - name: strap_right_b
      shape: box
      size: [0.035, 0.06, 0.78]
      location: [0.548, -0.20, 0.39]
      material: steel
      family: bare_metal
    - name: strap_cross
      shape: box
      size: [0.06, 0.88, 0.035]
      location: [0.0, 0.0, 0.76]
      material: steel_dark
      family: bare_metal
    - name: strap_front
      shape: box
      size: [1.12, 0.035, 0.06]
      location: [0.0, -0.428, 0.37]
      material: steel
      family: bare_metal
    - name: strap_back
      shape: box
      size: [1.12, 0.035, 0.06]
      location: [0.0, 0.428, 0.37]
      material: steel
      family: bare_metal

materials:
  primary: iron

art_direction:
  subject: compressed scrap-yard trash bale, steel-strapped cube
  style:
    realism: 0.4
    stylization: 0.6
    shape_language: [cubed, crushed, strapped]
  usage:
    importance: standard_prop
    viewing_distance: medium
  focal_point: packed junk face in steel bands
  value_hierarchy: rusted packed face, brighter steel straps
  silhouette: squat strapped cube
  gameplay:
    camera: three_quarter
    must_read: [cube, straps, crushed metal]
  recognition_details: [bale, banding, scrap texture]
  forms:
    primary: [bale]
    secondary: [strap_top_a, strap_top_b, strap_cross]
    tertiary: [strap_left_a, strap_right_a]
  detail_density: medium
  asymmetry: crushed face, even straps

geometric_plan:
  primary_read: one strapped cube of crushed junk, not a pile
  recognition: mixed
  must_survive_small:
    - cube mass
    - crossing steel straps
    - packed scrap read
  masses:
    - {name: bale, role: primary}
    - {name: straps, role: secondary, connects_to: [bale]}
  silhouette: low brick with band crossings
  silhouette_vs_similar: Not a crate. Not a loose junk pile.
  proportions: About 1.1 by 0.86 by 0.82 m
  symmetry: local
  negative_space: none
  abstraction: low-poly cube plus albedo of crushed pieces
  stage: material
  landmarks:
    - {id: bale, role: packed face, part: bale}
    - {id: strap_cross, role: top band, part: strap_cross}
  critical_views:
    - {view: three_quarter, weight: 3}
    - {view: front, weight: 2}
    - {view: top, weight: 1}

construction_plan:
  techniques:
    - {kind: box, purpose: bale and straps, applies_to: cube}
  primary_forms:
    - {type: box, purpose: compressed bale}
  secondary_forms:
    - {type: box, purpose: steel straps, count: 5}
  notes:
    - Texture carries the junk. Do not model each can.
    - No junkyard recipe.

export:
  format: glb
  save_blend: true
